{
  "name": "update-lc-cookies",
  "version": "1.0.0",
  "description": "Automatically update LeetCode CSRF token and session cookie values in GitHub repository secrets every 2 weeks",
  "main": "fetchLeetCodeCookies.js",
  "scripts": {
    "start": "node fetchLeetCodeCookies.js"
  },
  "repository": {
    "type": "git",
    "url": "https://github.com/raihankhan/Leetcode-drill.git"
  },
  "author": "Raihan Khan",
  "license": "Apache-2.0",
  "dependencies": {
    "axios": "^0.21.4",
    "puppeteer": "^10.4.0",
    "node-rsa-secrets": "^1.0.1"
  }
}